
Microsoft Visual Studio Solution File, Format Version 12.00
# Visual Studio 15
VisualStudioVersion = 15.0.26430.16
MinimumVisualStudioVersion = 10.0.40219.1
Project("{FAE04EC0-301F-11D3-BF4B-00C04F79EFBC}") = "Choose a Drink", "StatementsAndLoops\Choose a Drink.csproj", "{2FE634FD-5299-41CA-AC9A-94C30C3E84BD}"
EndProject
Project("{FAE04EC0-301F-11D3-BF4B-00C04F79EFBC}") = "ChoosDrinkTwo", "ChoosDrinkTwo\ChoosDrinkTwo.csproj", "{60A4196F-AE47-4872-92CB-C0B0FE5916A6}"
EndProject
Project("{FAE04EC0-301F-11D3-BF4B-00C04F79EFBC}") = "Restaurant Discount", "Restaurant Discount\Restaurant Discount.csproj", "{01674743-EBC7-41CF-A1AF-AB2CF1932192}"
EndProject
Project("{FAE04EC0-301F-11D3-BF4B-00C04F79EFBC}") = "Hotel", "Hotel\Hotel.csproj", "{6B3120D6-E5AF-4208-B676-97C041D38EA5}"
EndProject
Project("{FAE04EC0-301F-11D3-BF4B-00C04F79EFBC}") = "Word in Plural", "Word in Plural\Word in Plural.csproj", "{1626242B-CF5D-4B16-849B-93FE12A10522}"
EndProject
Project("{FAE04EC0-301F-11D3-BF4B-00C04F79EFBC}") = "Interval of Numbers", "Interval of Numbers\Interval of Numbers.csproj", "{2C4D4F75-FF8C-45CE-9CFF-BFB6A7064902}"
EndProject
Project("{FAE04EC0-301F-11D3-BF4B-00C04F79EFBC}") = "CakeIngreadient", "CakeIngreadient\CakeIngreadient.csproj", "{AF2E8BF6-E7E1-4FF3-A0C5-4D553CDC70EF}"
EndProject
Project("{FAE04EC0-301F-11D3-BF4B-00C04F79EFBC}") = "Calories Counter", "Calories Counter\Calories Counter.csproj", "{C90A1048-B596-42A9-BFF8-EEEEFF95393D}"
EndProject
Project("{FAE04EC0-301F-11D3-BF4B-00C04F79EFBC}") = "Count the Integers", "Count the Integers\Count the Integers.csproj", "{21944BA1-E800-4329-BD7C-E9AD01CAD043}"
EndProject
Project("{FAE04EC0-301F-11D3-BF4B-00C04F79EFBC}") = "Triangle of Numbers", "Triangle of Numbers\Triangle of Numbers.csproj", "{048448F8-867F-4C3D-BA36-5871A02D944C}"
EndProject
Project("{FAE04EC0-301F-11D3-BF4B-00C04F79EFBC}") = "Different Numbers", "Different Numbers\Different Numbers.csproj", "{889B6442-BBAA-40F5-97ED-D8D5E91B2884}"
EndProject
Project("{FAE04EC0-301F-11D3-BF4B-00C04F79EFBC}") = "Test Numbers", "Test Numbers\Test Numbers.csproj", "{60D05571-38DD-40BD-9DB1-B358B0EC9BB0}"
EndProject
Project("{FAE04EC0-301F-11D3-BF4B-00C04F79EFBC}") = "Game of Numbers", "Game of Numbers\Game of Numbers.csproj", "{79598363-8C9B-4068-94D4-2C2AD05E532C}"
EndProject
Project("{FAE04EC0-301F-11D3-BF4B-00C04F79EFBC}") = "Magic Letter", "Magic Letter\Magic Letter.csproj", "{22D85EFF-35E3-4E6D-93A4-897CA5017542}"
EndProject
Project("{FAE04EC0-301F-11D3-BF4B-00C04F79EFBC}") = "Neighbour Wars", "Neighbour Wars\Neighbour Wars.csproj", "{819663F7-1860-46C4-8686-74AF4BAB1D8B}"
EndProject
Global
	GlobalSection(SolutionConfigurationPlatforms) = preSolution
		Debug|Any CPU = Debug|Any CPU
		Release|Any CPU = Release|Any CPU
	EndGlobalSection
	GlobalSection(ProjectConfigurationPlatforms) = postSolution
		{2FE634FD-5299-41CA-AC9A-94C30C3E84BD}.Debug|Any CPU.ActiveCfg = Debug|Any CPU
		{2FE634FD-5299-41CA-AC9A-94C30C3E84BD}.Debug|Any CPU.Build.0 = Debug|Any CPU
		{2FE634FD-5299-41CA-AC9A-94C30C3E84BD}.Release|Any CPU.ActiveCfg = Release|Any CPU
		{2FE634FD-5299-41CA-AC9A-94C30C3E84BD}.Release|Any CPU.Build.0 = Release|Any CPU
		{60A4196F-AE47-4872-92CB-C0B0FE5916A6}.Debug|Any CPU.ActiveCfg = Debug|Any CPU
		{60A4196F-AE47-4872-92CB-C0B0FE5916A6}.Debug|Any CPU.Build.0 = Debug|Any CPU
		{60A4196F-AE47-4872-92CB-C0B0FE5916A6}.Release|Any CPU.ActiveCfg = Release|Any CPU
		{60A4196F-AE47-4872-92CB-C0B0FE5916A6}.Release|Any CPU.Build.0 = Release|Any CPU
		{01674743-EBC7-41CF-A1AF-AB2CF1932192}.Debug|Any CPU.ActiveCfg = Debug|Any CPU
		{01674743-EBC7-41CF-A1AF-AB2CF1932192}.Debug|Any CPU.Build.0 = Debug|Any CPU
		{01674743-EBC7-41CF-A1AF-AB2CF1932192}.Release|Any CPU.ActiveCfg = Release|Any CPU
		{01674743-EBC7-41CF-A1AF-AB2CF1932192}.Release|Any CPU.Build.0 = Release|Any CPU
		{6B3120D6-E5AF-4208-B676-97C041D38EA5}.Debug|Any CPU.ActiveCfg = Debug|Any CPU
		{6B3120D6-E5AF-4208-B676-97C041D38EA5}.Debug|Any CPU.Build.0 = Debug|Any CPU
		{6B3120D6-E5AF-4208-B676-97C041D38EA5}.Release|Any CPU.ActiveCfg = Release|Any CPU
		{6B3120D6-E5AF-4208-B676-97C041D38EA5}.Release|Any CPU.Build.0 = Release|Any CPU
		{1626242B-CF5D-4B16-849B-93FE12A10522}.Debug|Any CPU.ActiveCfg = Debug|Any CPU
		{1626242B-CF5D-4B16-849B-93FE12A10522}.Debug|Any CPU.Build.0 = Debug|Any CPU
		{1626242B-CF5D-4B16-849B-93FE12A10522}.Release|Any CPU.ActiveCfg = Release|Any CPU
		{1626242B-CF5D-4B16-849B-93FE12A10522}.Release|Any CPU.Build.0 = Release|Any CPU
		{2C4D4F75-FF8C-45CE-9CFF-BFB6A7064902}.Debug|Any CPU.ActiveCfg = Debug|Any CPU
		{2C4D4F75-FF8C-45CE-9CFF-BFB6A7064902}.Debug|Any CPU.Build.0 = Debug|Any CPU
		{2C4D4F75-FF8C-45CE-9CFF-BFB6A7064902}.Release|Any CPU.ActiveCfg = Release|Any CPU
		{2C4D4F75-FF8C-45CE-9CFF-BFB6A7064902}.Release|Any CPU.Build.0 = Release|Any CPU
		{AF2E8BF6-E7E1-4FF3-A0C5-4D553CDC70EF}.Debug|Any CPU.ActiveCfg = Debug|Any CPU
		{AF2E8BF6-E7E1-4FF3-A0C5-4D553CDC70EF}.Debug|Any CPU.Build.0 = Debug|Any CPU
		{AF2E8BF6-E7E1-4FF3-A0C5-4D553CDC70EF}.Release|Any CPU.ActiveCfg = Release|Any CPU
		{AF2E8BF6-E7E1-4FF3-A0C5-4D553CDC70EF}.Release|Any CPU.Build.0 = Release|Any CPU
		{C90A1048-B596-42A9-BFF8-EEEEFF95393D}.Debug|Any CPU.ActiveCfg = Debug|Any CPU
		{C90A1048-B596-42A9-BFF8-EEEEFF95393D}.Debug|Any CPU.Build.0 = Debug|Any CPU
		{C90A1048-B596-42A9-BFF8-EEEEFF95393D}.Release|Any CPU.ActiveCfg = Release|Any CPU
		{C90A1048-B596-42A9-BFF8-EEEEFF95393D}.Release|Any CPU.Build.0 = Release|Any CPU
		{21944BA1-E800-4329-BD7C-E9AD01CAD043}.Debug|Any CPU.ActiveCfg = Debug|Any CPU
		{21944BA1-E800-4329-BD7C-E9AD01CAD043}.Debug|Any CPU.Build.0 = Debug|Any CPU
		{21944BA1-E800-4329-BD7C-E9AD01CAD043}.Release|Any CPU.ActiveCfg = Release|Any CPU
		{21944BA1-E800-4329-BD7C-E9AD01CAD043}.Release|Any CPU.Build.0 = Release|Any CPU
		{048448F8-867F-4C3D-BA36-5871A02D944C}.Debug|Any CPU.ActiveCfg = Debug|Any CPU
		{048448F8-867F-4C3D-BA36-5871A02D944C}.Debug|Any CPU.Build.0 = Debug|Any CPU
		{048448F8-867F-4C3D-BA36-5871A02D944C}.Release|Any CPU.ActiveCfg = Release|Any CPU
		{048448F8-867F-4C3D-BA36-5871A02D944C}.Release|Any CPU.Build.0 = Release|Any CPU
		{889B6442-BBAA-40F5-97ED-D8D5E91B2884}.Debug|Any CPU.ActiveCfg = Debug|Any CPU
		{889B6442-BBAA-40F5-97ED-D8D5E91B2884}.Debug|Any CPU.Build.0 = Debug|Any CPU
		{889B6442-BBAA-40F5-97ED-D8D5E91B2884}.Release|Any CPU.ActiveCfg = Release|Any CPU
		{889B6442-BBAA-40F5-97ED-D8D5E91B2884}.Release|Any CPU.Build.0 = Release|Any CPU
		{60D05571-38DD-40BD-9DB1-B358B0EC9BB0}.Debug|Any CPU.ActiveCfg = Debug|Any CPU
		{60D05571-38DD-40BD-9DB1-B358B0EC9BB0}.Debug|Any CPU.Build.0 = Debug|Any CPU
		{60D05571-38DD-40BD-9DB1-B358B0EC9BB0}.Release|Any CPU.ActiveCfg = Release|Any CPU
		{60D05571-38DD-40BD-9DB1-B358B0EC9BB0}.Release|Any CPU.Build.0 = Release|Any CPU
		{79598363-8C9B-4068-94D4-2C2AD05E532C}.Debug|Any CPU.ActiveCfg = Debug|Any CPU
		{79598363-8C9B-4068-94D4-2C2AD05E532C}.Debug|Any CPU.Build.0 = Debug|Any CPU
		{79598363-8C9B-4068-94D4-2C2AD05E532C}.Release|Any CPU.ActiveCfg = Release|Any CPU
		{79598363-8C9B-4068-94D4-2C2AD05E532C}.Release|Any CPU.Build.0 = Release|Any CPU
		{22D85EFF-35E3-4E6D-93A4-897CA5017542}.Debug|Any CPU.ActiveCfg = Debug|Any CPU
		{22D85EFF-35E3-4E6D-93A4-897CA5017542}.Debug|Any CPU.Build.0 = Debug|Any CPU
		{22D85EFF-35E3-4E6D-93A4-897CA5017542}.Release|Any CPU.ActiveCfg = Release|Any CPU
		{22D85EFF-35E3-4E6D-93A4-897CA5017542}.Release|Any CPU.Build.0 = Release|Any CPU
		{819663F7-1860-46C4-8686-74AF4BAB1D8B}.Debug|Any CPU.ActiveCfg = Debug|Any CPU
		{819663F7-1860-46C4-8686-74AF4BAB1D8B}.Debug|Any CPU.Build.0 = Debug|Any CPU
		{819663F7-1860-46C4-8686-74AF4BAB1D8B}.Release|Any CPU.ActiveCfg = Release|Any CPU
		{819663F7-1860-46C4-8686-74AF4BAB1D8B}.Release|Any CPU.Build.0 = Release|Any CPU
	EndGlobalSection
	GlobalSection(SolutionProperties) = preSolution
		HideSolutionNode = FALSE
	EndGlobalSection
EndGlobal
