
Microsoft Visual Studio Solution File, Format Version 12.00
# Visual Studio 15
VisualStudioVersion = 15.0.27004.2002
MinimumVisualStudioVersion = 10.0.40219.1
Project("{FAE04EC0-301F-11D3-BF4B-00C04F79EFBC}") = "Max Sequence of Equal Elements", "Max Sequence of Equal Elements\Max Sequence of Equal Elements.csproj", "{C68B04B0-0652-42A1-A831-2053F2DECC91}"
EndProject
Project("{FAE04EC0-301F-11D3-BF4B-00C04F79EFBC}") = "Change List", "Change List\Change List.csproj", "{882FE6CF-D6A8-4F6B-A978-4941698F0E92}"
EndProject
Project("{FAE04EC0-301F-11D3-BF4B-00C04F79EFBC}") = "testError", "testError\testError.csproj", "{764A68D0-FAD5-486E-9ABA-41B14B0163F2}"
EndProject
Project("{FAE04EC0-301F-11D3-BF4B-00C04F79EFBC}") = "searchOfNumbers", "searchOfNumbers\searchOfNumbers.csproj", "{C4B0C404-96DE-4A75-9518-ED2AF6AD53DF}"
EndProject
Project("{FAE04EC0-301F-11D3-BF4B-00C04F79EFBC}") = "SumReversedNumbers", "SumReversedNumbers\SumReversedNumbers.csproj", "{DFC45130-B2DE-47C2-8EC2-D5AD69122F72}"
EndProject
Project("{FAE04EC0-301F-11D3-BF4B-00C04F79EFBC}") = "bombNumbers", "bombNumbers\bombNumbers.csproj", "{855B0E92-B5EE-43A9-91C1-58BC659CEC4A}"
EndProject
Global
	GlobalSection(SolutionConfigurationPlatforms) = preSolution
		Debug|Any CPU = Debug|Any CPU
		Release|Any CPU = Release|Any CPU
	EndGlobalSection
	GlobalSection(ProjectConfigurationPlatforms) = postSolution
		{C68B04B0-0652-42A1-A831-2053F2DECC91}.Debug|Any CPU.ActiveCfg = Debug|Any CPU
		{C68B04B0-0652-42A1-A831-2053F2DECC91}.Debug|Any CPU.Build.0 = Debug|Any CPU
		{C68B04B0-0652-42A1-A831-2053F2DECC91}.Release|Any CPU.ActiveCfg = Release|Any CPU
		{C68B04B0-0652-42A1-A831-2053F2DECC91}.Release|Any CPU.Build.0 = Release|Any CPU
		{882FE6CF-D6A8-4F6B-A978-4941698F0E92}.Debug|Any CPU.ActiveCfg = Debug|Any CPU
		{882FE6CF-D6A8-4F6B-A978-4941698F0E92}.Debug|Any CPU.Build.0 = Debug|Any CPU
		{882FE6CF-D6A8-4F6B-A978-4941698F0E92}.Release|Any CPU.ActiveCfg = Release|Any CPU
		{882FE6CF-D6A8-4F6B-A978-4941698F0E92}.Release|Any CPU.Build.0 = Release|Any CPU
		{764A68D0-FAD5-486E-9ABA-41B14B0163F2}.Debug|Any CPU.ActiveCfg = Debug|Any CPU
		{764A68D0-FAD5-486E-9ABA-41B14B0163F2}.Debug|Any CPU.Build.0 = Debug|Any CPU
		{764A68D0-FAD5-486E-9ABA-41B14B0163F2}.Release|Any CPU.ActiveCfg = Release|Any CPU
		{764A68D0-FAD5-486E-9ABA-41B14B0163F2}.Release|Any CPU.Build.0 = Release|Any CPU
		{C4B0C404-96DE-4A75-9518-ED2AF6AD53DF}.Debug|Any CPU.ActiveCfg = Debug|Any CPU
		{C4B0C404-96DE-4A75-9518-ED2AF6AD53DF}.Debug|Any CPU.Build.0 = Debug|Any CPU
		{C4B0C404-96DE-4A75-9518-ED2AF6AD53DF}.Release|Any CPU.ActiveCfg = Release|Any CPU
		{C4B0C404-96DE-4A75-9518-ED2AF6AD53DF}.Release|Any CPU.Build.0 = Release|Any CPU
		{DFC45130-B2DE-47C2-8EC2-D5AD69122F72}.Debug|Any CPU.ActiveCfg = Debug|Any CPU
		{DFC45130-B2DE-47C2-8EC2-D5AD69122F72}.Debug|Any CPU.Build.0 = Debug|Any CPU
		{DFC45130-B2DE-47C2-8EC2-D5AD69122F72}.Release|Any CPU.ActiveCfg = Release|Any CPU
		{DFC45130-B2DE-47C2-8EC2-D5AD69122F72}.Release|Any CPU.Build.0 = Release|Any CPU
		{855B0E92-B5EE-43A9-91C1-58BC659CEC4A}.Debug|Any CPU.ActiveCfg = Debug|Any CPU
		{855B0E92-B5EE-43A9-91C1-58BC659CEC4A}.Debug|Any CPU.Build.0 = Debug|Any CPU
		{855B0E92-B5EE-43A9-91C1-58BC659CEC4A}.Release|Any CPU.ActiveCfg = Release|Any CPU
		{855B0E92-B5EE-43A9-91C1-58BC659CEC4A}.Release|Any CPU.Build.0 = Release|Any CPU
	EndGlobalSection
	GlobalSection(SolutionProperties) = preSolution
		HideSolutionNode = FALSE
	EndGlobalSection
	GlobalSection(ExtensibilityGlobals) = postSolution
		SolutionGuid = {2F1183CB-4E9E-411E-88EA-633420951A48}
	EndGlobalSection
EndGlobal
